// !$*UTF8*$!
{
	archiveVersion = 1;
	classes = {
	};
	objectVersion = 50;
	objects = {

/* Begin PBXBuildFile section */
		F4C2BE7620A3F1740098C970 /* AppDelegate.swift in Sources */ = {isa = PBXBuildFile; fileRef = F4C2BE7520A3F1740098C970 /* AppDelegate.swift */; };
		F4C2BE7820A3F1740098C970 /* ViewController.swift in Sources */ = {isa = PBXBuildFile; fileRef = F4C2BE7720A3F1740098C970 /* ViewController.swift */; };
		F4C2BE7B20A3F1740098C970 /* Main.storyboard in Resources */ = {isa = PBXBuildFile; fileRef = F4C2BE7920A3F1740098C970 /* Main.storyboard */; };
		F4C2BE7D20A3F1750098C970 /* Assets.xcassets in Resources */ = {isa = PBXBuildFile; fileRef = F4C2BE7C20A3F1750098C970 /* Assets.xcassets */; };
		F4C2BE8020A3F1750098C970 /* LaunchScreen.storyboard in Resources */ = {isa = PBXBuildFile; fileRef = F4C2BE7E20A3F1750098C970 /* LaunchScreen.storyboard */; };
		F4C2BE8820A3F27A0098C970 /* Graph.swift in Sources */ = {isa = PBXBuildFile; fileRef = F4C2BE8720A3F27A0098C970 /* Graph.swift */; };
		F4C2BE8A20A3F6490098C970 /* root.scn in Resources */ = {isa = PBXBuildFile; fileRef = F4C2BE8920A3F6490098C970 /* root.scn */; };
		F4C2BE8C20A3FA750098C970 /* GraphCube.swift in Sources */ = {isa = PBXBuildFile; fileRef = F4C2BE8B20A3FA750098C970 /* GraphCube.swift */; };
		F4C2BE9220A4704E0098C970 /* graph_surface.shader in Resources */ = {isa = PBXBuildFile; fileRef = F4C2BE9120A4704E0098C970 /* graph_surface.shader */; };
/* End PBXBuildFile section */

/* Begin PBXFileReference section */
		F4C2BE7220A3F1740098C970 /* Mathematical-Surfaces.app */ = {isa = PBXFileReference; explicitFileType = wrapper.application; includeInIndex = 0; path = "Mathematical-Surfaces.app"; sourceTree = BUILT_PRODUCTS_DIR; };
		F4C2BE7520A3F1740098C970 /* AppDelegate.swift */ = {isa = PBXFileReference; lastKnownFileType = sourcecode.swift; path = AppDelegate.swift; sourceTree = "<group>"; };
		F4C2BE7720A3F1740098C970 /* ViewController.swift */ = {isa = PBXFileReference; lastKnownFileType = sourcecode.swift; path = ViewController.swift; sourceTree = "<group>"; };
		F4C2BE7A20A3F1740098C970 /* Base */ = {isa = PBXFileReference; lastKnownFileType = file.storyboard; name = Base; path = Base.lproj/Main.storyboard; sourceTree = "<group>"; };
		F4C2BE7C20A3F1750098C970 /* Assets.xcassets */ = {isa = PBXFileReference; lastKnownFileType = folder.assetcatalog; path = Assets.xcassets; sourceTree = "<group>"; };
		F4C2BE7F20A3F1750098C970 /* Base */ = {isa = PBXFileReference; lastKnownFileType = file.storyboard; name = Base; path = Base.lproj/LaunchScreen.storyboard; sourceTree = "<group>"; };
		F4C2BE8120A3F1750098C970 /* Info.plist */ = {isa = PBXFileReference; lastKnownFileType = text.plist.xml; path = Info.plist; sourceTree = "<group>"; };
		F4C2BE8720A3F27A0098C970 /* Graph.swift */ = {isa = PBXFileReference; lastKnownFileType = sourcecode.swift; path = Graph.swift; sourceTree = "<group>"; };
		F4C2BE8920A3F6490098C970 /* root.scn */ = {isa = PBXFileReference; lastKnownFileType = file.bplist; path = root.scn; sourceTree = "<group>"; };
		F4C2BE8B20A3FA750098C970 /* GraphCube.swift */ = {isa = PBXFileReference; lastKnownFileType = sourcecode.swift; path = GraphCube.swift; sourceTree = "<group>"; };
		F4C2BE9120A4704E0098C970 /* graph_surface.shader */ = {isa = PBXFileReference; lastKnownFileType = text; path = graph_surface.shader; sourceTree = "<group>"; };
/* End PBXFileReference section */

/* Begin PBXFrameworksBuildPhase section */
		F4C2BE6F20A3F1740098C970 /* Frameworks */ = {
			isa = PBXFrameworksBuildPhase;
			buildActionMask = 2147483647;
			files = (
			);
			runOnlyForDeploymentPostprocessing = 0;
		};
/* End PBXFrameworksBuildPhase section */

/* Begin PBXGroup section */
		F4C2BE6920A3F1740098C970 = {
			isa = PBXGroup;
			children = (
				F4C2BE7420A3F1740098C970 /* Mathematical Surfaces */,
				F4C2BE7320A3F1740098C970 /* Products */,
			);
			sourceTree = "<group>";
		};
		F4C2BE7320A3F1740098C970 /* Products */ = {
			isa = PBXGroup;
			children = (
				F4C2BE7220A3F1740098C970 /* Mathematical-Surfaces.app */,
			);
			name = Products;
			sourceTree = "<group>";
		};
		F4C2BE7420A3F1740098C970 /* Mathematical Surfaces */ = {
			isa = PBXGroup;
			children = (
				F4C2BE8E20A46ED90098C970 /* Graph */,
				F4C2BE8D20A46ED20098C970 /* Shaders */,
				F4C2BE7520A3F1740098C970 /* AppDelegate.swift */,
				F4C2BE7720A3F1740098C970 /* ViewController.swift */,
				F4C2BE7920A3F1740098C970 /* Main.storyboard */,
				F4C2BE7C20A3F1750098C970 /* Assets.xcassets */,
				F4C2BE7E20A3F1750098C970 /* LaunchScreen.storyboard */,
				F4C2BE8120A3F1750098C970 /* Info.plist */,
			);
			path = "Mathematical Surfaces";
			sourceTree = "<group>";
		};
		F4C2BE8D20A46ED20098C970 /* Shaders */ = {
			isa = PBXGroup;
			children = (
				F4C2BE9120A4704E0098C970 /* graph_surface.shader */,
			);
			path = Shaders;
			sourceTree = "<group>";
		};
		F4C2BE8E20A46ED90098C970 /* Graph */ = {
			isa = PBXGroup;
			children = (
				F4C2BE8720A3F27A0098C970 /* Graph.swift */,
				F4C2BE8920A3F6490098C970 /* root.scn */,
				F4C2BE8B20A3FA750098C970 /* GraphCube.swift */,
			);
			path = Graph;
			sourceTree = "<group>";
		};
/* End PBXGroup section */

/* Begin PBXNativeTarget section */
		F4C2BE7120A3F1740098C970 /* Mathematical-Surfaces */ = {
			isa = PBXNativeTarget;
			buildConfigurationList = F4C2BE8420A3F1750098C970 /* Build configuration list for PBXNativeTarget "Mathematical-Surfaces" */;
			buildPhases = (
				F4C2BE6E20A3F1740098C970 /* Sources */,
				F4C2BE6F20A3F1740098C970 /* Frameworks */,
				F4C2BE7020A3F1740098C970 /* Resources */,
			);
			buildRules = (
			);
			dependencies = (
			);
			name = "Mathematical-Surfaces";
			productName = "Mathematical Surfaces";
			productReference = F4C2BE7220A3F1740098C970 /* Mathematical-Surfaces.app */;
			productType = "com.apple.product-type.application";
		};
/* End PBXNativeTarget section */

/* Begin PBXProject section */
		F4C2BE6A20A3F1740098C970 /* Project object */ = {
			isa = PBXProject;
			attributes = {
				LastSwiftUpdateCheck = 0930;
				LastUpgradeCheck = 0930;
				ORGANIZATIONNAME = Bergerbytes;
				TargetAttributes = {
					F4C2BE7120A3F1740098C970 = {
						CreatedOnToolsVersion = 9.3;
					};
				};
			};
			buildConfigurationList = F4C2BE6D20A3F1740098C970 /* Build configuration list for PBXProject "Mathematical-Surfaces" */;
			compatibilityVersion = "Xcode 9.3";
			developmentRegion = en;
			hasScannedForEncodings = 0;
			knownRegions = (
				en,
				Base,
			);
			mainGroup = F4C2BE6920A3F1740098C970;
			productRefGroup = F4C2BE7320A3F1740098C970 /* Products */;
			projectDirPath = "";
			projectRoot = "";
			targets = (
				F4C2BE7120A3F1740098C970 /* Mathematical-Surfaces */,
			);
		};
/* End PBXProject section */

/* Begin PBXResourcesBuildPhase section */
		F4C2BE7020A3F1740098C970 /* Resources */ = {
			isa = PBXResourcesBuildPhase;
			buildActionMask = 2147483647;
			files = (
				F4C2BE8020A3F1750098C970 /* LaunchScreen.storyboard in Resources */,
				F4C2BE7D20A3F1750098C970 /* Assets.xcassets in Resources */,
				F4C2BE8A20A3F6490098C970 /* root.scn in Resources */,
				F4C2BE7B20A3F1740098C970 /* Main.storyboard in Resources */,
				F4C2BE9220A4704E0098C970 /* graph_surface.shader in Resources */,
			);
			runOnlyForDeploymentPostprocessing = 0;
		};
/* End PBXResourcesBuildPhase section */

/* Begin PBXSourcesBuildPhase section */
		F4C2BE6E20A3F1740098C970 /* Sources */ = {
			isa = PBXSourcesBuildPhase;
			buildActionMask = 2147483647;
			files = (
				F4C2BE8820A3F27A0098C970 /* Graph.swift in Sources */,
				F4C2BE7820A3F1740098C970 /* ViewController.swift in Sources */,
				F4C2BE7620A3F1740098C970 /* AppDelegate.swift in Sources */,
				F4C2BE8C20A3FA750098C970 /* GraphCube.swift in Sources */,
			);
			runOnlyForDeploymentPostprocessing = 0;
		};
/* End PBXSourcesBuildPhase section */

/* Begin PBXVariantGroup section */
		F4C2BE7920A3F1740098C970 /* Main.storyboard */ = {
			isa = PBXVariantGroup;
			children = (
				F4C2BE7A20A3F1740098C970 /* Base */,
			);
			name = Main.storyboard;
			sourceTree = "<group>";
		};
		F4C2BE7E20A3F1750098C970 /* LaunchScreen.storyboard */ = {
			isa = PBXVariantGroup;
			children = (
				F4C2BE7F20A3F1750098C970 /* Base */,
			);
			name = LaunchScreen.storyboard;
			sourceTree = "<group>";
		};
/* End PBXVariantGroup section */

/* Begin XCBuildConfiguration section */
		F4C2BE8220A3F1750098C970 /* Debug */ = {
			isa = XCBuildConfiguration;
			buildSettings = {
				ALWAYS_SEARCH_USER_PATHS = NO;
				CLANG_ANALYZER_NONNULL = YES;
				CLANG_ANALYZER_NUMBER_OBJECT_CONVERSION = YES_AGGRESSIVE;
				CLANG_CXX_LANGUAGE_STANDARD = "gnu++14";
				CLANG_CXX_LIBRARY = "libc++";
				CLANG_ENABLE_MODULES = YES;
				CLANG_ENABLE_OBJC_ARC = YES;
				CLANG_ENABLE_OBJC_WEAK = YES;
				CLANG_WARN_BLOCK_CAPTURE_AUTORELEASING = YES;
				CLANG_WARN_BOOL_CONVERSION = YES;
				CLANG_WARN_COMMA = YES;
				CLANG_WARN_CONSTANT_CONVERSION = YES;
				CLANG_WARN_DEPRECATED_OBJC_IMPLEMENTATIONS = YES;
				CLANG_WARN_DIRECT_OBJC_ISA_USAGE = YES_ERROR;
				CLANG_WARN_DOCUMENTATION_COMMENTS = YES;
				CLANG_WARN_EMPTY_BODY = YES;
				CLANG_WARN_ENUM_CONVERSION = YES;
				CLANG_WARN_INFINITE_RECURSION = YES;
				CLANG_WARN_INT_CONVERSION = YES;
				CLANG_WARN_NON_LITERAL_NULL_CONVERSION = YES;
				CLANG_WARN_OBJC_IMPLICIT_RETAIN_SELF = YES;
				CLANG_WARN_OBJC_LITERAL_CONVERSION = YES;
				CLANG_WARN_OBJC_ROOT_CLASS = YES_ERROR;
				CLANG_WARN_RANGE_LOOP_ANALYSIS = YES;
				CLANG_WARN_STRICT_PROTOTYPES = YES;
				CLANG_WARN_SUSPICIOUS_MOVE = YES;
				CLANG_WARN_UNGUARDED_AVAILABILITY = YES_AGGRESSIVE;
				CLANG_WARN_UNREACHABLE_CODE = YES;
				CLANG_WARN__DUPLICATE_METHOD_MATCH = YES;
				CODE_SIGN_IDENTITY = "iPhone Developer";
				COPY_PHASE_STRIP = NO;
				DEBUG_INFORMATION_FORMAT = dwarf;
				ENABLE_STRICT_OBJC_MSGSEND = YES;
				ENABLE_TESTABILITY = YES;
				GCC_C_LANGUAGE_STANDARD = gnu11;
				GCC_DYNAMIC_NO_PIC = NO;
				GCC_NO_COMMON_BLOCKS = YES;
				GCC_OPTIMIZATION_LEVEL = 0;
				GCC_PREPROCESSOR_DEFINITIONS = (
					"DEBUG=1",
					"$(inherited)",
				);
				GCC_WARN_64_TO_32_BIT_CONVERSION = YES;
				GCC_WARN_ABOUT_RETURN_TYPE = YES_ERROR;
				GCC_WARN_UNDECLARED_SELECTOR = YES;
				GCC_WARN_UNINITIALIZED_AUTOS = YES_AGGRESSIVE;
				GCC_WARN_UNUSED_FUNCTION = YES;
				GCC_WARN_UNUSED_VARIABLE = YES;
				IPHONEOS_DEPLOYMENT_TARGET = 11.3;
				MTL_ENABLE_DEBUG_INFO = YES;
				ONLY_ACTIVE_ARCH = YES;
				SDKROOT = iphoneos;
				SWIFT_ACTIVE_COMPILATION_CONDITIONS = DEBUG;
				SWIFT_OPTIMIZATION_LEVEL = "-Onone";
			};
			name = Debug;
		};
		F4C2BE8320A3F1750098C970 /* Release */ = {
			isa = XCBuildConfiguration;
			buildSettings = {
				ALWAYS_SEARCH_USER_PATHS = NO;
				CLANG_ANALYZER_NONNULL = YES;
				CLANG_ANALYZER_NUMBER_OBJECT_CONVERSION = YES_AGGRESSIVE;
				CLANG_CXX_LANGUAGE_STANDARD = "gnu++14";
				CLANG_CXX_LIBRARY = "libc++";
				CLANG_ENABLE_MODULES = YES;
				CLANG_ENABLE_OBJC_ARC = YES;
				CLANG_ENABLE_OBJC_WEAK = YES;
				CLANG_WARN_BLOCK_CAPTURE_AUTORELEASING = YES;
				CLANG_WARN_BOOL_CONVERSION = YES;
				CLANG_WARN_COMMA = YES;
				CLANG_WARN_CONSTANT_CONVERSION = YES;
				CLANG_WARN_DEPRECATED_OBJC_IMPLEMENTATIONS = YES;
				CLANG_WARN_DIRECT_OBJC_ISA_USAGE = YES_ERROR;
				CLANG_WARN_DOCUMENTATION_COMMENTS = YES;
				CLANG_WARN_EMPTY_BODY = YES;
				CLANG_WARN_ENUM_CONVERSION = YES;
				CLANG_WARN_INFINITE_RECURSION = YES;
				CLANG_WARN_INT_CONVERSION = YES;
				CLANG_WARN_NON_LITERAL_NULL_CONVERSION = YES;
				CLANG_WARN_OBJC_IMPLICIT_RETAIN_SELF = YES;
				CLANG_WARN_OBJC_LITERAL_CONVERSION = YES;
				CLANG_WARN_OBJC_ROOT_CLASS = YES_ERROR;
				CLANG_WARN_RANGE_LOOP_ANALYSIS = YES;
				CLANG_WARN_STRICT_PROTOTYPES = YES;
				CLANG_WARN_SUSPICIOUS_MOVE = YES;
				CLANG_WARN_UNGUARDED_AVAILABILITY = YES_AGGRESSIVE;
				CLANG_WARN_UNREACHABLE_CODE = YES;
				CLANG_WARN__DUPLICATE_METHOD_MATCH = YES;
				CODE_SIGN_IDENTITY = "iPhone Developer";
				COPY_PHASE_STRIP = NO;
				DEBUG_INFORMATION_FORMAT = "dwarf-with-dsym";
				ENABLE_NS_ASSERTIONS = NO;
				ENABLE_STRICT_OBJC_MSGSEND = YES;
				GCC_C_LANGUAGE_STANDARD = gnu11;
				GCC_NO_COMMON_BLOCKS = YES;
				GCC_WARN_64_TO_32_BIT_CONVERSION = YES;
				GCC_WARN_ABOUT_RETURN_TYPE = YES_ERROR;
				GCC_WARN_UNDECLARED_SELECTOR = YES;
				GCC_WARN_UNINITIALIZED_AUTOS = YES_AGGRESSIVE;
				GCC_WARN_UNUSED_FUNCTION = YES;
				GCC_WARN_UNUSED_VARIABLE = YES;
				IPHONEOS_DEPLOYMENT_TARGET = 11.3;
				MTL_ENABLE_DEBUG_INFO = NO;
				SDKROOT = iphoneos;
				SWIFT_COMPILATION_MODE = wholemodule;
				SWIFT_OPTIMIZATION_LEVEL = "-O";
				VALIDATE_PRODUCT = YES;
			};
			name = Release;
		};
		F4C2BE8520A3F1750098C970 /* Debug */ = {
			isa = XCBuildConfiguration;
			buildSettings = {
				ASSETCATALOG_COMPILER_APPICON_NAME = AppIcon;
				CODE_SIGN_STYLE = Automatic;
				DEVELOPMENT_TEAM = 77N74LDXL5;
				INFOPLIST_FILE = "Mathematical Surfaces/Info.plist";
				LD_RUNPATH_SEARCH_PATHS = (
					"$(inherited)",
					"@executable_path/Frameworks",
				);
				PRODUCT_BUNDLE_IDENTIFIER = "com.bergerbytes.Mathematical-Surfaces";
				PRODUCT_NAME = "$(TARGET_NAME)";
				SWIFT_VERSION = 4.0;
				TARGETED_DEVICE_FAMILY = "1,2";
			};
			name = Debug;
		};
		F4C2BE8620A3F1750098C970 /* Release */ = {
			isa = XCBuildConfiguration;
			buildSettings = {
				ASSETCATALOG_COMPILER_APPICON_NAME = AppIcon;
				CODE_SIGN_STYLE = Automatic;
				DEVELOPMENT_TEAM = 77N74LDXL5;
				INFOPLIST_FILE = "Mathematical Surfaces/Info.plist";
				LD_RUNPATH_SEARCH_PATHS = (
					"$(inherited)",
					"@executable_path/Frameworks",
				);
				PRODUCT_BUNDLE_IDENTIFIER = "com.bergerbytes.Mathematical-Surfaces";
				PRODUCT_NAME = "$(TARGET_NAME)";
				SWIFT_VERSION = 4.0;
				TARGETED_DEVICE_FAMILY = "1,2";
			};
			name = Release;
		};
/* End XCBuildConfiguration section */

/* Begin XCConfigurationList section */
		F4C2BE6D20A3F1740098C970 /* Build configuration list for PBXProject "Mathematical-Surfaces" */ = {
			isa = XCConfigurationList;
			buildConfigurations = (
				F4C2BE8220A3F1750098C970 /* Debug */,
				F4C2BE8320A3F1750098C970 /* Release */,
			);
			defaultConfigurationIsVisible = 0;
			defaultConfigurationName = Release;
		};
		F4C2BE8420A3F1750098C970 /* Build configuration list for PBXNativeTarget "Mathematical-Surfaces" */ = {
			isa = XCConfigurationList;
			buildConfigurations = (
				F4C2BE8520A3F1750098C970 /* Debug */,
				F4C2BE8620A3F1750098C970 /* Release */,
			);
			defaultConfigurationIsVisible = 0;
			defaultConfigurationName = Release;
		};
/* End XCConfigurationList section */
	};
	rootObject = F4C2BE6A20A3F1740098C970 /* Project object */;
}
